
Microsoft Visual Studio Solution File, Format Version 12.00
# Visual Studio Version 16
VisualStudioVersion = 16.0.30413.136
MinimumVisualStudioVersion = 10.0.40219.1
Project("{FAE04EC0-301F-11D3-BF4B-00C04F79EFBC}") = "TamGiaoMng", "TamGiaoMng\TamGiaoMng.csproj", "{A964482D-2538-4287-B50C-16E890F60747}"
EndProject
Project("{FAE04EC0-301F-11D3-BF4B-00C04F79EFBC}") = "TamGiaoObject", "TamGiaoObject\TamGiaoObject.csproj", "{CE358CF1-4188-4C59-AD9B-1333F5D6A5B4}"
EndProject
Global
	GlobalSection(SolutionConfigurationPlatforms) = preSolution
		Debug|Any CPU = Debug|Any CPU
		Release|Any CPU = Release|Any CPU
	EndGlobalSection
	GlobalSection(ProjectConfigurationPlatforms) = postSolution
		{A964482D-2538-4287-B50C-16E890F60747}.Debug|Any CPU.ActiveCfg = Debug|Any CPU
		{A964482D-2538-4287-B50C-16E890F60747}.Debug|Any CPU.Build.0 = Debug|Any CPU
		{A964482D-2538-4287-B50C-16E890F60747}.Release|Any CPU.ActiveCfg = Release|Any CPU
		{A964482D-2538-4287-B50C-16E890F60747}.Release|Any CPU.Build.0 = Release|Any CPU
		{CE358CF1-4188-4C59-AD9B-1333F5D6A5B4}.Debug|Any CPU.ActiveCfg = Debug|Any CPU
		{CE358CF1-4188-4C59-AD9B-1333F5D6A5B4}.Debug|Any CPU.Build.0 = Debug|Any CPU
		{CE358CF1-4188-4C59-AD9B-1333F5D6A5B4}.Release|Any CPU.ActiveCfg = Release|Any CPU
		{CE358CF1-4188-4C59-AD9B-1333F5D6A5B4}.Release|Any CPU.Build.0 = Release|Any CPU
	EndGlobalSection
	GlobalSection(SolutionProperties) = preSolution
		HideSolutionNode = FALSE
	EndGlobalSection
	GlobalSection(ExtensibilityGlobals) = postSolution
		SolutionGuid = {777B3E4E-8A84-4BC4-9E8A-F9E694A74FC0}
	EndGlobalSection
EndGlobal
